{
  "name": "cso_standbot",
  "lockfileVersion": 3,
  "requires": true,
  "packages": {
    "": {
      "dependencies": {
        "@types/google-apps-script": "^1.0.64"
      },
      "devDependencies": {
        "typescript": "^5.0.4"
      }
    },
    "node_modules/@types/google-apps-script": {
      "version": "1.0.64",
      "resolved": "https://registry.npmjs.org/@types/google-apps-script/-/google-apps-script-1.0.64.tgz",
      "integrity": "sha512-oxDnuewCGSPhlcpSiSMH9W2HkK3lV3tF/jYYqY9jdo2sKsNjeL+mH5lJiWEnqoMK8s/Sz3gxrpdsCrAFvRjTKQ=="
    },
    "node_modules/typescript": {
      "version": "5.0.4",
      "resolved": "https://registry.npmjs.org/typescript/-/typescript-5.0.4.tgz",
      "integrity": "sha512-cW9T5W9xY37cc+jfEnaUvX91foxtHkza3Nw3wkoF4sSlKn0MONdkdEndig/qPBWXNkmplh3NzayQzCiHM4/hqw==",
      "dev": true,
      "bin": {
        "tsc": "bin/tsc",
        "tsserver": "bin/tsserver"
      },
      "engines": {
        "node": ">=12.20"
      }
    }
  }
}
